
Microsoft Visual Studio Solution File, Format Version 12.00
# Visual Studio Version 17
VisualStudioVersion = 17.7.34024.191
MinimumVisualStudioVersion = 10.0.40219.1
Project("{FAE04EC0-301F-11D3-BF4B-00C04F79EFBC}") = "AspNetCore31OnSDK70400", "AspNetCore31OnSDK70400\AspNetCore31OnSDK70400.csproj", "{DF726357-1A92-4D6F-8D59-128C3DFD5DDC}"
EndProject
Global
	GlobalSection(SolutionConfigurationPlatforms) = preSolution
		Debug|Any CPU = Debug|Any CPU
		Release|Any CPU = Release|Any CPU
	EndGlobalSection
	GlobalSection(ProjectConfigurationPlatforms) = postSolution
		{DF726357-1A92-4D6F-8D59-128C3DFD5DDC}.Debug|Any CPU.ActiveCfg = Debug|Any CPU
		{DF726357-1A92-4D6F-8D59-128C3DFD5DDC}.Debug|Any CPU.Build.0 = Debug|Any CPU
		{DF726357-1A92-4D6F-8D59-128C3DFD5DDC}.Release|Any CPU.ActiveCfg = Release|Any CPU
		{DF726357-1A92-4D6F-8D59-128C3DFD5DDC}.Release|Any CPU.Build.0 = Release|Any CPU
	EndGlobalSection
	GlobalSection(SolutionProperties) = preSolution
		HideSolutionNode = FALSE
	EndGlobalSection
	GlobalSection(ExtensibilityGlobals) = postSolution
		SolutionGuid = {B1176E59-80BF-404D-8BCD-1F233122FEBA}
	EndGlobalSection
EndGlobal
